
Microsoft Visual Studio Solution File, Format Version 12.00
# Visual Studio Version 16
VisualStudioVersion = 16.0.31424.327
MinimumVisualStudioVersion = 10.0.40219.1
Project("{2150E333-8FDC-42A3-9474-1A3956D46DE8}") = "Contracts", "Contracts", "{7C90E3AD-32B0-455B-8215-AAE064C74615}"
EndProject
Project("{2150E333-8FDC-42A3-9474-1A3956D46DE8}") = "Implementations", "Implementations", "{F67D9614-E4D5-4DE8-866B-6D6C7619121E}"
EndProject
Project("{2150E333-8FDC-42A3-9474-1A3956D46DE8}") = "Infrastructure", "Infrastructure", "{55CDC7F9-B324-42AC-895B-5EBAAF2D1B2F}"
EndProject
Project("{2150E333-8FDC-42A3-9474-1A3956D46DE8}") = "UnitTesting", "UnitTesting", "{5DD5B951-A7C3-491D-8AC0-1D687E01EC28}"
EndProject
Project("{2150E333-8FDC-42A3-9474-1A3956D46DE8}") = "Services", "Services", "{4D78BE2E-E608-49C1-8174-FFB5A1C80AD7}"
EndProject
Project("{2150E333-8FDC-42A3-9474-1A3956D46DE8}") = "BLL", "BLL", "{9EA85F0F-D7BB-45D9-AF20-D5DD20373E06}"
EndProject
Project("{2150E333-8FDC-42A3-9474-1A3956D46DE8}") = "DAL", "DAL", "{DB187A75-41B3-4DAA-8372-86D77606006B}"
EndProject
Project("{2150E333-8FDC-42A3-9474-1A3956D46DE8}") = "DTO", "DTO", "{C5636410-FD26-48F1-ADBD-C181A675EE91}"
EndProject
Project("{2150E333-8FDC-42A3-9474-1A3956D46DE8}") = "MODEL", "MODEL", "{FE360742-B26F-42B2-B841-9FEF1479A7A0}"
EndProject
Project("{2150E333-8FDC-42A3-9474-1A3956D46DE8}") = "BLL", "BLL", "{0177BF7A-9F4D-4189-A7D3-F77AA26A981C}"
EndProject
Project("{2150E333-8FDC-42A3-9474-1A3956D46DE8}") = "Contracts", "Contracts", "{F6C03A0E-02A4-478A-82EF-573240EC884E}"
EndProject
Project("{2150E333-8FDC-42A3-9474-1A3956D46DE8}") = "Implementations", "Implementations", "{4E08B7F6-A0BD-44E8-ABAF-79D5A3EA5793}"
EndProject
Project("{9A19103F-16F7-4668-BE54-9A1E7A4F7556}") = "DynamicLoaderService", "DynamicLoaderService\DynamicLoaderService.csproj", "{D8C90695-0B24-43F0-BB97-ED279E771EB3}"
EndProject
Project("{9A19103F-16F7-4668-BE54-9A1E7A4F7556}") = "LoggerContracts", "LoggerContracts\LoggerContracts.csproj", "{14239293-7A8B-4C83-A082-C602A1F884D6}"
EndProject
Project("{9A19103F-16F7-4668-BE54-9A1E7A4F7556}") = "LoggerService", "LoggerService\LoggerService.csproj", "{CA127315-9B98-4DCD-97DE-3045E71FBD21}"
EndProject
Project("{9A19103F-16F7-4668-BE54-9A1E7A4F7556}") = "ServiceResponse", "ServiceResponse\ServiceResponse.csproj", "{79F07AC9-6570-43CA-879D-3326156C7547}"
EndProject
Project("{2150E333-8FDC-42A3-9474-1A3956D46DE8}") = "User", "User", "{51002323-4847-4B9F-A1AA-1BFA22FD62F7}"
EndProject
Project("{9A19103F-16F7-4668-BE54-9A1E7A4F7556}") = "IMS_Model_User", "IMS_Model_User\IMS_Model_User.csproj", "{CD3BBAA6-72B0-485F-9428-62164A11F406}"
EndProject
Project("{9A19103F-16F7-4668-BE54-9A1E7A4F7556}") = "IMS_DTO_RegisterUser", "IMS_DTO_RegisterUser\IMS_DTO_RegisterUser.csproj", "{598999AC-D9FD-4CC3-AA1A-B00775215752}"
EndProject
Project("{9A19103F-16F7-4668-BE54-9A1E7A4F7556}") = "IMS_Model_Toeken", "IMS_Model_Toeken\IMS_Model_Toeken.csproj", "{A79BB828-3796-4231-AE04-CFDB926AEC0F}"
EndProject
Project("{9A19103F-16F7-4668-BE54-9A1E7A4F7556}") = "IMS_DTO_Token", "IMS_DTO_Token\IMS_DTO_Token.csproj", "{4CE985DE-0574-4802-B88B-67BC9E3A4AED}"
EndProject
Project("{2150E333-8FDC-42A3-9474-1A3956D46DE8}") = "DAL", "DAL", "{511B399F-A9CC-4CCF-9019-DCB8FB68619B}"
EndProject
Project("{2150E333-8FDC-42A3-9474-1A3956D46DE8}") = "User", "User", "{73E2A39B-7DB7-495D-A779-7F817D9BC16B}"
EndProject
Project("{9A19103F-16F7-4668-BE54-9A1E7A4F7556}") = "IMS_DAL_RegisterUser", "IMS_DAL_RegisterUser\IMS_DAL_RegisterUser.csproj", "{98369B10-862E-4B14-A6F7-2615CB4C1A7B}"
EndProject
Project("{2150E333-8FDC-42A3-9474-1A3956D46DE8}") = "User", "User", "{334E0C4A-D744-47DB-A943-1078D909F112}"
EndProject
Project("{2150E333-8FDC-42A3-9474-1A3956D46DE8}") = "WebApiTesting", "WebApiTesting", "{FE2CEDE4-636D-4C0F-A607-B0B083FC8856}"
EndProject
Project("{9A19103F-16F7-4668-BE54-9A1E7A4F7556}") = "UserWebApiTesting", "UserWebApiTesting\UserWebApiTesting.csproj", "{4F6B6295-F005-44E5-A3AA-21F85A22E01A}"
EndProject
Project("{9A19103F-16F7-4668-BE54-9A1E7A4F7556}") = "TokenWebApiTokenTesting", "TokenWebApiTokenTesting\TokenWebApiTokenTesting.csproj", "{CB5D106F-DC27-48CB-B22A-91038D7A190F}"
EndProject
Project("{9A19103F-16F7-4668-BE54-9A1E7A4F7556}") = "DaLInfraContracts", "DaLInfraContracts\DaLInfraContracts.csproj", "{2318BEE4-461D-4F4B-B0AA-A173F61A0550}"
EndProject
Project("{9A19103F-16F7-4668-BE54-9A1E7A4F7556}") = "SQLDalService", "SQLDalService\SQLDalService.csproj", "{0C58502B-EABF-4DBE-A1DC-33B76D19DF90}"
EndProject
Project("{2150E333-8FDC-42A3-9474-1A3956D46DE8}") = "ServiceTesting", "ServiceTesting", "{35B305F7-F042-425D-A443-C577C0263E51}"
EndProject
Project("{9A19103F-16F7-4668-BE54-9A1E7A4F7556}") = "IMS_Dal_EF_RegisterUserService", "IMS_Dal_EF_RegisterUserService\IMS_Dal_EF_RegisterUserService.csproj", "{9DDFCF1C-B5C4-4441-83BC-BFF650DCE5D6}"
EndProject
Project("{9A19103F-16F7-4668-BE54-9A1E7A4F7556}") = "TemplateMethodService", "TemplateMethodService\TemplateMethodService.csproj", "{4C2A8B52-4453-4539-B1A7-EC0E9957C43F}"
EndProject
Project("{9A19103F-16F7-4668-BE54-9A1E7A4F7556}") = "TemplateMethodContracts", "TemplateMethodContracts\TemplateMethodContracts.csproj", "{E2678484-AC75-4DE2-AA02-74C58588511F}"
EndProject
Project("{9A19103F-16F7-4668-BE54-9A1E7A4F7556}") = "LoggingUtils", "LoggingUtils\LoggingUtils.csproj", "{92250437-A92B-49BF-B2A3-8C41A7A83F84}"
EndProject
Project("{9A19103F-16F7-4668-BE54-9A1E7A4F7556}") = "IMS_DAL_GstUserContracts", "IMS_DAL_GstUserContracts\IMS_DAL_GstUserContracts.csproj", "{2B707F22-F5C1-4D7D-B210-99A4BDAA298A}"
EndProject
Project("{9A19103F-16F7-4668-BE54-9A1E7A4F7556}") = "IMS_DTO_GetUser", "IMS_DTO_GetUser\IMS_DTO_GetUser.csproj", "{71F4A948-4D24-4B28-BC76-0FBB6ADBFC0C}"
EndProject
Project("{9A19103F-16F7-4668-BE54-9A1E7A4F7556}") = "IMS_DAL_EF_GetUserService", "IMS_DAL_EF_GetUserService\IMS_DAL_EF_GetUserService.csproj", "{317F21A7-6501-45F6-A44F-6469DEF41A78}"
EndProject
Project("{2150E333-8FDC-42A3-9474-1A3956D46DE8}") = "Solution Items", "Solution Items", "{43202DB6-43BF-406D-956F-3718A3D2860F}"
	ProjectSection(SolutionItems) = preProject
		NewServiceTemplate.txt = NewServiceTemplate.txt
	EndProjectSection
EndProject
Project("{2150E333-8FDC-42A3-9474-1A3956D46DE8}") = "Model", "Model", "{05402461-4C51-4A97-9184-50654805CA2A}"
EndProject
Project("{9A19103F-16F7-4668-BE54-9A1E7A4F7556}") = "IMS_DTO_Model_User", "IMS_DTO_Model_User\IMS_DTO_Model_User.csproj", "{2A1EF424-D01A-4425-945D-D2D5514072E1}"
EndProject
Project("{FAE04EC0-301F-11D3-BF4B-00C04F79EFBC}") = "IMS_Services_RegisterUser", "IMS_Services_RegisterUser\IMS_Services_RegisterUser.csproj", "{A193285B-6CA9-4118-91CC-ADBD9F622250}"
EndProject
Project("{FAE04EC0-301F-11D3-BF4B-00C04F79EFBC}") = "IMS_Services_GetUser", "IMS_Services_GetUser\IMS_Services_GetUser.csproj", "{8284ED75-07FF-4791-95AC-59FF996A5F59}"
EndProject
Global
	GlobalSection(SolutionConfigurationPlatforms) = preSolution
		Debug|Any CPU = Debug|Any CPU
		Release|Any CPU = Release|Any CPU
	EndGlobalSection
	GlobalSection(ProjectConfigurationPlatforms) = postSolution
		{D8C90695-0B24-43F0-BB97-ED279E771EB3}.Debug|Any CPU.ActiveCfg = Debug|Any CPU
		{D8C90695-0B24-43F0-BB97-ED279E771EB3}.Debug|Any CPU.Build.0 = Debug|Any CPU
		{D8C90695-0B24-43F0-BB97-ED279E771EB3}.Release|Any CPU.ActiveCfg = Release|Any CPU
		{D8C90695-0B24-43F0-BB97-ED279E771EB3}.Release|Any CPU.Build.0 = Release|Any CPU
		{14239293-7A8B-4C83-A082-C602A1F884D6}.Debug|Any CPU.ActiveCfg = Debug|Any CPU
		{14239293-7A8B-4C83-A082-C602A1F884D6}.Debug|Any CPU.Build.0 = Debug|Any CPU
		{14239293-7A8B-4C83-A082-C602A1F884D6}.Release|Any CPU.ActiveCfg = Release|Any CPU
		{14239293-7A8B-4C83-A082-C602A1F884D6}.Release|Any CPU.Build.0 = Release|Any CPU
		{CA127315-9B98-4DCD-97DE-3045E71FBD21}.Debug|Any CPU.ActiveCfg = Debug|Any CPU
		{CA127315-9B98-4DCD-97DE-3045E71FBD21}.Debug|Any CPU.Build.0 = Debug|Any CPU
		{CA127315-9B98-4DCD-97DE-3045E71FBD21}.Release|Any CPU.ActiveCfg = Release|Any CPU
		{CA127315-9B98-4DCD-97DE-3045E71FBD21}.Release|Any CPU.Build.0 = Release|Any CPU
		{79F07AC9-6570-43CA-879D-3326156C7547}.Debug|Any CPU.ActiveCfg = Debug|Any CPU
		{79F07AC9-6570-43CA-879D-3326156C7547}.Debug|Any CPU.Build.0 = Debug|Any CPU
		{79F07AC9-6570-43CA-879D-3326156C7547}.Release|Any CPU.ActiveCfg = Release|Any CPU
		{79F07AC9-6570-43CA-879D-3326156C7547}.Release|Any CPU.Build.0 = Release|Any CPU
		{CD3BBAA6-72B0-485F-9428-62164A11F406}.Debug|Any CPU.ActiveCfg = Debug|Any CPU
		{CD3BBAA6-72B0-485F-9428-62164A11F406}.Debug|Any CPU.Build.0 = Debug|Any CPU
		{CD3BBAA6-72B0-485F-9428-62164A11F406}.Release|Any CPU.ActiveCfg = Release|Any CPU
		{CD3BBAA6-72B0-485F-9428-62164A11F406}.Release|Any CPU.Build.0 = Release|Any CPU
		{598999AC-D9FD-4CC3-AA1A-B00775215752}.Debug|Any CPU.ActiveCfg = Debug|Any CPU
		{598999AC-D9FD-4CC3-AA1A-B00775215752}.Debug|Any CPU.Build.0 = Debug|Any CPU
		{598999AC-D9FD-4CC3-AA1A-B00775215752}.Release|Any CPU.ActiveCfg = Release|Any CPU
		{598999AC-D9FD-4CC3-AA1A-B00775215752}.Release|Any CPU.Build.0 = Release|Any CPU
		{A79BB828-3796-4231-AE04-CFDB926AEC0F}.Debug|Any CPU.ActiveCfg = Debug|Any CPU
		{A79BB828-3796-4231-AE04-CFDB926AEC0F}.Debug|Any CPU.Build.0 = Debug|Any CPU
		{A79BB828-3796-4231-AE04-CFDB926AEC0F}.Release|Any CPU.ActiveCfg = Release|Any CPU
		{A79BB828-3796-4231-AE04-CFDB926AEC0F}.Release|Any CPU.Build.0 = Release|Any CPU
		{4CE985DE-0574-4802-B88B-67BC9E3A4AED}.Debug|Any CPU.ActiveCfg = Debug|Any CPU
		{4CE985DE-0574-4802-B88B-67BC9E3A4AED}.Debug|Any CPU.Build.0 = Debug|Any CPU
		{4CE985DE-0574-4802-B88B-67BC9E3A4AED}.Release|Any CPU.ActiveCfg = Release|Any CPU
		{4CE985DE-0574-4802-B88B-67BC9E3A4AED}.Release|Any CPU.Build.0 = Release|Any CPU
		{98369B10-862E-4B14-A6F7-2615CB4C1A7B}.Debug|Any CPU.ActiveCfg = Debug|Any CPU
		{98369B10-862E-4B14-A6F7-2615CB4C1A7B}.Debug|Any CPU.Build.0 = Debug|Any CPU
		{98369B10-862E-4B14-A6F7-2615CB4C1A7B}.Release|Any CPU.ActiveCfg = Release|Any CPU
		{98369B10-862E-4B14-A6F7-2615CB4C1A7B}.Release|Any CPU.Build.0 = Release|Any CPU
		{4F6B6295-F005-44E5-A3AA-21F85A22E01A}.Debug|Any CPU.ActiveCfg = Debug|Any CPU
		{4F6B6295-F005-44E5-A3AA-21F85A22E01A}.Debug|Any CPU.Build.0 = Debug|Any CPU
		{4F6B6295-F005-44E5-A3AA-21F85A22E01A}.Release|Any CPU.ActiveCfg = Release|Any CPU
		{4F6B6295-F005-44E5-A3AA-21F85A22E01A}.Release|Any CPU.Build.0 = Release|Any CPU
		{CB5D106F-DC27-48CB-B22A-91038D7A190F}.Debug|Any CPU.ActiveCfg = Debug|Any CPU
		{CB5D106F-DC27-48CB-B22A-91038D7A190F}.Debug|Any CPU.Build.0 = Debug|Any CPU
		{CB5D106F-DC27-48CB-B22A-91038D7A190F}.Release|Any CPU.ActiveCfg = Release|Any CPU
		{CB5D106F-DC27-48CB-B22A-91038D7A190F}.Release|Any CPU.Build.0 = Release|Any CPU
		{2318BEE4-461D-4F4B-B0AA-A173F61A0550}.Debug|Any CPU.ActiveCfg = Debug|Any CPU
		{2318BEE4-461D-4F4B-B0AA-A173F61A0550}.Debug|Any CPU.Build.0 = Debug|Any CPU
		{2318BEE4-461D-4F4B-B0AA-A173F61A0550}.Release|Any CPU.ActiveCfg = Release|Any CPU
		{2318BEE4-461D-4F4B-B0AA-A173F61A0550}.Release|Any CPU.Build.0 = Release|Any CPU
		{0C58502B-EABF-4DBE-A1DC-33B76D19DF90}.Debug|Any CPU.ActiveCfg = Debug|Any CPU
		{0C58502B-EABF-4DBE-A1DC-33B76D19DF90}.Debug|Any CPU.Build.0 = Debug|Any CPU
		{0C58502B-EABF-4DBE-A1DC-33B76D19DF90}.Release|Any CPU.ActiveCfg = Release|Any CPU
		{0C58502B-EABF-4DBE-A1DC-33B76D19DF90}.Release|Any CPU.Build.0 = Release|Any CPU
		{9DDFCF1C-B5C4-4441-83BC-BFF650DCE5D6}.Debug|Any CPU.ActiveCfg = Debug|Any CPU
		{9DDFCF1C-B5C4-4441-83BC-BFF650DCE5D6}.Debug|Any CPU.Build.0 = Debug|Any CPU
		{9DDFCF1C-B5C4-4441-83BC-BFF650DCE5D6}.Release|Any CPU.ActiveCfg = Release|Any CPU
		{9DDFCF1C-B5C4-4441-83BC-BFF650DCE5D6}.Release|Any CPU.Build.0 = Release|Any CPU
		{4C2A8B52-4453-4539-B1A7-EC0E9957C43F}.Debug|Any CPU.ActiveCfg = Debug|Any CPU
		{4C2A8B52-4453-4539-B1A7-EC0E9957C43F}.Debug|Any CPU.Build.0 = Debug|Any CPU
		{4C2A8B52-4453-4539-B1A7-EC0E9957C43F}.Release|Any CPU.ActiveCfg = Release|Any CPU
		{4C2A8B52-4453-4539-B1A7-EC0E9957C43F}.Release|Any CPU.Build.0 = Release|Any CPU
		{E2678484-AC75-4DE2-AA02-74C58588511F}.Debug|Any CPU.ActiveCfg = Debug|Any CPU
		{E2678484-AC75-4DE2-AA02-74C58588511F}.Debug|Any CPU.Build.0 = Debug|Any CPU
		{E2678484-AC75-4DE2-AA02-74C58588511F}.Release|Any CPU.ActiveCfg = Release|Any CPU
		{E2678484-AC75-4DE2-AA02-74C58588511F}.Release|Any CPU.Build.0 = Release|Any CPU
		{92250437-A92B-49BF-B2A3-8C41A7A83F84}.Debug|Any CPU.ActiveCfg = Debug|Any CPU
		{92250437-A92B-49BF-B2A3-8C41A7A83F84}.Debug|Any CPU.Build.0 = Debug|Any CPU
		{92250437-A92B-49BF-B2A3-8C41A7A83F84}.Release|Any CPU.ActiveCfg = Release|Any CPU
		{92250437-A92B-49BF-B2A3-8C41A7A83F84}.Release|Any CPU.Build.0 = Release|Any CPU
		{2B707F22-F5C1-4D7D-B210-99A4BDAA298A}.Debug|Any CPU.ActiveCfg = Debug|Any CPU
		{2B707F22-F5C1-4D7D-B210-99A4BDAA298A}.Debug|Any CPU.Build.0 = Debug|Any CPU
		{2B707F22-F5C1-4D7D-B210-99A4BDAA298A}.Release|Any CPU.ActiveCfg = Release|Any CPU
		{2B707F22-F5C1-4D7D-B210-99A4BDAA298A}.Release|Any CPU.Build.0 = Release|Any CPU
		{71F4A948-4D24-4B28-BC76-0FBB6ADBFC0C}.Debug|Any CPU.ActiveCfg = Debug|Any CPU
		{71F4A948-4D24-4B28-BC76-0FBB6ADBFC0C}.Debug|Any CPU.Build.0 = Debug|Any CPU
		{71F4A948-4D24-4B28-BC76-0FBB6ADBFC0C}.Release|Any CPU.ActiveCfg = Release|Any CPU
		{71F4A948-4D24-4B28-BC76-0FBB6ADBFC0C}.Release|Any CPU.Build.0 = Release|Any CPU
		{317F21A7-6501-45F6-A44F-6469DEF41A78}.Debug|Any CPU.ActiveCfg = Debug|Any CPU
		{317F21A7-6501-45F6-A44F-6469DEF41A78}.Debug|Any CPU.Build.0 = Debug|Any CPU
		{317F21A7-6501-45F6-A44F-6469DEF41A78}.Release|Any CPU.ActiveCfg = Release|Any CPU
		{317F21A7-6501-45F6-A44F-6469DEF41A78}.Release|Any CPU.Build.0 = Release|Any CPU
		{2A1EF424-D01A-4425-945D-D2D5514072E1}.Debug|Any CPU.ActiveCfg = Debug|Any CPU
		{2A1EF424-D01A-4425-945D-D2D5514072E1}.Debug|Any CPU.Build.0 = Debug|Any CPU
		{2A1EF424-D01A-4425-945D-D2D5514072E1}.Release|Any CPU.ActiveCfg = Release|Any CPU
		{2A1EF424-D01A-4425-945D-D2D5514072E1}.Release|Any CPU.Build.0 = Release|Any CPU
		{A193285B-6CA9-4118-91CC-ADBD9F622250}.Debug|Any CPU.ActiveCfg = Debug|Any CPU
		{A193285B-6CA9-4118-91CC-ADBD9F622250}.Debug|Any CPU.Build.0 = Debug|Any CPU
		{A193285B-6CA9-4118-91CC-ADBD9F622250}.Release|Any CPU.ActiveCfg = Release|Any CPU
		{A193285B-6CA9-4118-91CC-ADBD9F622250}.Release|Any CPU.Build.0 = Release|Any CPU
		{8284ED75-07FF-4791-95AC-59FF996A5F59}.Debug|Any CPU.ActiveCfg = Debug|Any CPU
		{8284ED75-07FF-4791-95AC-59FF996A5F59}.Debug|Any CPU.Build.0 = Debug|Any CPU
		{8284ED75-07FF-4791-95AC-59FF996A5F59}.Release|Any CPU.ActiveCfg = Release|Any CPU
		{8284ED75-07FF-4791-95AC-59FF996A5F59}.Release|Any CPU.Build.0 = Release|Any CPU
	EndGlobalSection
	GlobalSection(SolutionProperties) = preSolution
		HideSolutionNode = FALSE
	EndGlobalSection
	GlobalSection(NestedProjects) = preSolution
		{9EA85F0F-D7BB-45D9-AF20-D5DD20373E06} = {7C90E3AD-32B0-455B-8215-AAE064C74615}
		{DB187A75-41B3-4DAA-8372-86D77606006B} = {7C90E3AD-32B0-455B-8215-AAE064C74615}
		{C5636410-FD26-48F1-ADBD-C181A675EE91} = {7C90E3AD-32B0-455B-8215-AAE064C74615}
		{FE360742-B26F-42B2-B841-9FEF1479A7A0} = {DB187A75-41B3-4DAA-8372-86D77606006B}
		{0177BF7A-9F4D-4189-A7D3-F77AA26A981C} = {F67D9614-E4D5-4DE8-866B-6D6C7619121E}
		{F6C03A0E-02A4-478A-82EF-573240EC884E} = {55CDC7F9-B324-42AC-895B-5EBAAF2D1B2F}
		{4E08B7F6-A0BD-44E8-ABAF-79D5A3EA5793} = {55CDC7F9-B324-42AC-895B-5EBAAF2D1B2F}
		{D8C90695-0B24-43F0-BB97-ED279E771EB3} = {4E08B7F6-A0BD-44E8-ABAF-79D5A3EA5793}
		{14239293-7A8B-4C83-A082-C602A1F884D6} = {F6C03A0E-02A4-478A-82EF-573240EC884E}
		{CA127315-9B98-4DCD-97DE-3045E71FBD21} = {4E08B7F6-A0BD-44E8-ABAF-79D5A3EA5793}
		{79F07AC9-6570-43CA-879D-3326156C7547} = {4E08B7F6-A0BD-44E8-ABAF-79D5A3EA5793}
		{51002323-4847-4B9F-A1AA-1BFA22FD62F7} = {C5636410-FD26-48F1-ADBD-C181A675EE91}
		{CD3BBAA6-72B0-485F-9428-62164A11F406} = {FE360742-B26F-42B2-B841-9FEF1479A7A0}
		{598999AC-D9FD-4CC3-AA1A-B00775215752} = {51002323-4847-4B9F-A1AA-1BFA22FD62F7}
		{A79BB828-3796-4231-AE04-CFDB926AEC0F} = {FE360742-B26F-42B2-B841-9FEF1479A7A0}
		{4CE985DE-0574-4802-B88B-67BC9E3A4AED} = {51002323-4847-4B9F-A1AA-1BFA22FD62F7}
		{511B399F-A9CC-4CCF-9019-DCB8FB68619B} = {F67D9614-E4D5-4DE8-866B-6D6C7619121E}
		{73E2A39B-7DB7-495D-A779-7F817D9BC16B} = {DB187A75-41B3-4DAA-8372-86D77606006B}
		{98369B10-862E-4B14-A6F7-2615CB4C1A7B} = {73E2A39B-7DB7-495D-A779-7F817D9BC16B}
		{334E0C4A-D744-47DB-A943-1078D909F112} = {511B399F-A9CC-4CCF-9019-DCB8FB68619B}
		{FE2CEDE4-636D-4C0F-A607-B0B083FC8856} = {5DD5B951-A7C3-491D-8AC0-1D687E01EC28}
		{4F6B6295-F005-44E5-A3AA-21F85A22E01A} = {FE2CEDE4-636D-4C0F-A607-B0B083FC8856}
		{CB5D106F-DC27-48CB-B22A-91038D7A190F} = {FE2CEDE4-636D-4C0F-A607-B0B083FC8856}
		{2318BEE4-461D-4F4B-B0AA-A173F61A0550} = {F6C03A0E-02A4-478A-82EF-573240EC884E}
		{0C58502B-EABF-4DBE-A1DC-33B76D19DF90} = {4E08B7F6-A0BD-44E8-ABAF-79D5A3EA5793}
		{35B305F7-F042-425D-A443-C577C0263E51} = {5DD5B951-A7C3-491D-8AC0-1D687E01EC28}
		{9DDFCF1C-B5C4-4441-83BC-BFF650DCE5D6} = {334E0C4A-D744-47DB-A943-1078D909F112}
		{4C2A8B52-4453-4539-B1A7-EC0E9957C43F} = {4E08B7F6-A0BD-44E8-ABAF-79D5A3EA5793}
		{E2678484-AC75-4DE2-AA02-74C58588511F} = {F6C03A0E-02A4-478A-82EF-573240EC884E}
		{92250437-A92B-49BF-B2A3-8C41A7A83F84} = {4E08B7F6-A0BD-44E8-ABAF-79D5A3EA5793}
		{2B707F22-F5C1-4D7D-B210-99A4BDAA298A} = {73E2A39B-7DB7-495D-A779-7F817D9BC16B}
		{71F4A948-4D24-4B28-BC76-0FBB6ADBFC0C} = {51002323-4847-4B9F-A1AA-1BFA22FD62F7}
		{317F21A7-6501-45F6-A44F-6469DEF41A78} = {334E0C4A-D744-47DB-A943-1078D909F112}
		{05402461-4C51-4A97-9184-50654805CA2A} = {C5636410-FD26-48F1-ADBD-C181A675EE91}
		{2A1EF424-D01A-4425-945D-D2D5514072E1} = {05402461-4C51-4A97-9184-50654805CA2A}
		{A193285B-6CA9-4118-91CC-ADBD9F622250} = {4D78BE2E-E608-49C1-8174-FFB5A1C80AD7}
		{8284ED75-07FF-4791-95AC-59FF996A5F59} = {4D78BE2E-E608-49C1-8174-FFB5A1C80AD7}
	EndGlobalSection
	GlobalSection(ExtensibilityGlobals) = postSolution
		SolutionGuid = {DA0F7682-4CAF-4A41-97A5-43A9A6FC3452}
	EndGlobalSection
EndGlobal
