
Microsoft Visual Studio Solution File, Format Version 12.00
# Visual Studio Version 16
VisualStudioVersion = 16.0.31424.327
MinimumVisualStudioVersion = 10.0.40219.1
Project("{2150E333-8FDC-42A3-9474-1A3956D46DE8}") = "Contracts", "Contracts", "{7C90E3AD-32B0-455B-8215-AAE064C74615}"
EndProject
Project("{2150E333-8FDC-42A3-9474-1A3956D46DE8}") = "Implementations", "Implementations", "{F67D9614-E4D5-4DE8-866B-6D6C7619121E}"
EndProject
Project("{2150E333-8FDC-42A3-9474-1A3956D46DE8}") = "Infrastructure", "Infrastructure", "{55CDC7F9-B324-42AC-895B-5EBAAF2D1B2F}"
EndProject
Project("{2150E333-8FDC-42A3-9474-1A3956D46DE8}") = "UnitTesting", "UnitTesting", "{5DD5B951-A7C3-491D-8AC0-1D687E01EC28}"
EndProject
Project("{2150E333-8FDC-42A3-9474-1A3956D46DE8}") = "WebApiMicroServices", "WebApiMicroServices", "{4D78BE2E-E608-49C1-8174-FFB5A1C80AD7}"
EndProject
Project("{2150E333-8FDC-42A3-9474-1A3956D46DE8}") = "BLL", "BLL", "{9EA85F0F-D7BB-45D9-AF20-D5DD20373E06}"
EndProject
Project("{2150E333-8FDC-42A3-9474-1A3956D46DE8}") = "DAL", "DAL", "{DB187A75-41B3-4DAA-8372-86D77606006B}"
EndProject
Project("{2150E333-8FDC-42A3-9474-1A3956D46DE8}") = "DTO", "DTO", "{C5636410-FD26-48F1-ADBD-C181A675EE91}"
EndProject
Project("{2150E333-8FDC-42A3-9474-1A3956D46DE8}") = "MODEL", "MODEL", "{FE360742-B26F-42B2-B841-9FEF1479A7A0}"
EndProject
Project("{2150E333-8FDC-42A3-9474-1A3956D46DE8}") = "BLL", "BLL", "{0177BF7A-9F4D-4189-A7D3-F77AA26A981C}"
EndProject
Project("{2150E333-8FDC-42A3-9474-1A3956D46DE8}") = "DAl", "DAl", "{93FE05C6-7C15-4BE6-B0BD-06C90169BE01}"
EndProject
Project("{2150E333-8FDC-42A3-9474-1A3956D46DE8}") = "Contracts", "Contracts", "{F6C03A0E-02A4-478A-82EF-573240EC884E}"
EndProject
Project("{2150E333-8FDC-42A3-9474-1A3956D46DE8}") = "Implementations", "Implementations", "{4E08B7F6-A0BD-44E8-ABAF-79D5A3EA5793}"
EndProject
Project("{FAE04EC0-301F-11D3-BF4B-00C04F79EFBC}") = "DynamicLoaderService", "DynamicLoaderService\DynamicLoaderService.csproj", "{D8C90695-0B24-43F0-BB97-ED279E771EB3}"
EndProject
Project("{FAE04EC0-301F-11D3-BF4B-00C04F79EFBC}") = "LoggerContracts", "LoggerContracts\LoggerContracts.csproj", "{14239293-7A8B-4C83-A082-C602A1F884D6}"
EndProject
Project("{FAE04EC0-301F-11D3-BF4B-00C04F79EFBC}") = "LoggerService", "LoggerService\LoggerService.csproj", "{CA127315-9B98-4DCD-97DE-3045E71FBD21}"
EndProject
Project("{FAE04EC0-301F-11D3-BF4B-00C04F79EFBC}") = "ServiceResponse", "ServiceResponse\ServiceResponse.csproj", "{79F07AC9-6570-43CA-879D-3326156C7547}"
EndProject
Global
	GlobalSection(SolutionConfigurationPlatforms) = preSolution
		Debug|Any CPU = Debug|Any CPU
		Release|Any CPU = Release|Any CPU
	EndGlobalSection
	GlobalSection(ProjectConfigurationPlatforms) = postSolution
		{D8C90695-0B24-43F0-BB97-ED279E771EB3}.Debug|Any CPU.ActiveCfg = Debug|Any CPU
		{D8C90695-0B24-43F0-BB97-ED279E771EB3}.Debug|Any CPU.Build.0 = Debug|Any CPU
		{D8C90695-0B24-43F0-BB97-ED279E771EB3}.Release|Any CPU.ActiveCfg = Release|Any CPU
		{D8C90695-0B24-43F0-BB97-ED279E771EB3}.Release|Any CPU.Build.0 = Release|Any CPU
		{14239293-7A8B-4C83-A082-C602A1F884D6}.Debug|Any CPU.ActiveCfg = Debug|Any CPU
		{14239293-7A8B-4C83-A082-C602A1F884D6}.Debug|Any CPU.Build.0 = Debug|Any CPU
		{14239293-7A8B-4C83-A082-C602A1F884D6}.Release|Any CPU.ActiveCfg = Release|Any CPU
		{14239293-7A8B-4C83-A082-C602A1F884D6}.Release|Any CPU.Build.0 = Release|Any CPU
		{CA127315-9B98-4DCD-97DE-3045E71FBD21}.Debug|Any CPU.ActiveCfg = Debug|Any CPU
		{CA127315-9B98-4DCD-97DE-3045E71FBD21}.Debug|Any CPU.Build.0 = Debug|Any CPU
		{CA127315-9B98-4DCD-97DE-3045E71FBD21}.Release|Any CPU.ActiveCfg = Release|Any CPU
		{CA127315-9B98-4DCD-97DE-3045E71FBD21}.Release|Any CPU.Build.0 = Release|Any CPU
		{79F07AC9-6570-43CA-879D-3326156C7547}.Debug|Any CPU.ActiveCfg = Debug|Any CPU
		{79F07AC9-6570-43CA-879D-3326156C7547}.Debug|Any CPU.Build.0 = Debug|Any CPU
		{79F07AC9-6570-43CA-879D-3326156C7547}.Release|Any CPU.ActiveCfg = Release|Any CPU
		{79F07AC9-6570-43CA-879D-3326156C7547}.Release|Any CPU.Build.0 = Release|Any CPU
	EndGlobalSection
	GlobalSection(SolutionProperties) = preSolution
		HideSolutionNode = FALSE
	EndGlobalSection
	GlobalSection(NestedProjects) = preSolution
		{9EA85F0F-D7BB-45D9-AF20-D5DD20373E06} = {7C90E3AD-32B0-455B-8215-AAE064C74615}
		{DB187A75-41B3-4DAA-8372-86D77606006B} = {7C90E3AD-32B0-455B-8215-AAE064C74615}
		{C5636410-FD26-48F1-ADBD-C181A675EE91} = {7C90E3AD-32B0-455B-8215-AAE064C74615}
		{FE360742-B26F-42B2-B841-9FEF1479A7A0} = {7C90E3AD-32B0-455B-8215-AAE064C74615}
		{0177BF7A-9F4D-4189-A7D3-F77AA26A981C} = {F67D9614-E4D5-4DE8-866B-6D6C7619121E}
		{93FE05C6-7C15-4BE6-B0BD-06C90169BE01} = {F67D9614-E4D5-4DE8-866B-6D6C7619121E}
		{F6C03A0E-02A4-478A-82EF-573240EC884E} = {55CDC7F9-B324-42AC-895B-5EBAAF2D1B2F}
		{4E08B7F6-A0BD-44E8-ABAF-79D5A3EA5793} = {55CDC7F9-B324-42AC-895B-5EBAAF2D1B2F}
		{D8C90695-0B24-43F0-BB97-ED279E771EB3} = {4E08B7F6-A0BD-44E8-ABAF-79D5A3EA5793}
		{14239293-7A8B-4C83-A082-C602A1F884D6} = {F6C03A0E-02A4-478A-82EF-573240EC884E}
		{CA127315-9B98-4DCD-97DE-3045E71FBD21} = {4E08B7F6-A0BD-44E8-ABAF-79D5A3EA5793}
		{79F07AC9-6570-43CA-879D-3326156C7547} = {4E08B7F6-A0BD-44E8-ABAF-79D5A3EA5793}
	EndGlobalSection
	GlobalSection(ExtensibilityGlobals) = postSolution
		SolutionGuid = {DA0F7682-4CAF-4A41-97A5-43A9A6FC3452}
	EndGlobalSection
EndGlobal
